# THIS IS AN AUTOGENERATED FILE. DO NOT EDIT THIS FILE DIRECTLY.
# yarn lockfile v1


"@playwright/test@^1.58.2":
  version "1.63.0"
  resolved "https://registry.yarnpkg.com/@playwright/test/-/test-1.63.0.tgz#808020c46e8b6b91f9d628cd0ebcbb32bdfd8b6c"
  integrity sha512-oxMK4vllB9RK5NQ2l1pq1IfOf2AvnEuj/vYGDj0H2nMtmtZpKtCwt/l00GEO6xjGfpBNAvjovvYdCm50dRQkpQ==
  dependencies:
    playwright "1.63.0"

"@types/node@^22.13.4":
  version "22.13.4"
  resolved "https://registry.yarnpkg.com/@types/node/-/node-22.13.4.tgz#3fe454d77cd4a2d73c214008b3e331bfaaf5038a"
  integrity sha512-ywP2X0DYtX3y08eFVx5fNIw7/uIv8hYUKgXoK8oayJlLnKcRfEYCxWMVE1XagUdVtCJlZT1AU4LXEABW+L1Peg==
  dependencies:
    undici-types "~6.20.0"

playwright-core@1.63.0:
  version "1.63.0"
  resolved "https://registry.yarnpkg.com/playwright-core/-/playwright-core-1.63.0.tgz#e57665bc32846c213ac39a1e4d5bc6228e76b376"
  integrity sha512-rYCsBF/M5HjUch52bbtVONEFjv6Xu8sm8h72dNlR5bzIE1fvC/bxgspzkjSfU+MweEMmPM8KJebG6nnyxo5mCg==

playwright@1.63.0:
  version "1.63.0"
  resolved "https://registry.yarnpkg.com/playwright/-/playwright-1.63.0.tgz#99b56f9f69b1b70c44f00bf84b2fe52348ae2511"
  integrity sha512-+7ziBLidS4NaNCdt57SUDT+wYmmd5fmiQejUic/kb+YsYSCPyOOE9sebzMjNmQrsnNpDJqd4WHvV/8lfKfUDUg==
  dependencies:
    playwright-core "1.63.0"

undici-types@~6.20.0:
  version "6.20.0"
  resolved "https://registry.yarnpkg.com/undici-types/-/undici-types-6.20.0.tgz#8171bf22c1f588d1554d55bf204bc624af388433"
  integrity sha512-Ny6QZ2Nju20vw1SRHe3d9jVu6gJ+4e3+MMpqu7pqE5HT6WsTSlce++GQmK5UXS8mzV8DSYHrQH+Xrf2jVcuKNg==
